
Microsoft Visual Studio Solution File, Format Version 12.00
# Visual Studio Version 17
VisualStudioVersion = 17.3.32901.215
MinimumVisualStudioVersion = 10.0.40219.1
Project("{888888A0-9F3D-457C-B088-3A5042F75D52}") = "metrics", "metrics\metrics.pyproj", "{1291900A-F0B7-4854-923C-868CC687F557}"
EndProject
Global
	GlobalSection(SolutionConfigurationPlatforms) = preSolution
		Debug|Any CPU = Debug|Any CPU
		Release|Any CPU = Release|Any CPU
	EndGlobalSection
	GlobalSection(ProjectConfigurationPlatforms) = postSolution
		{1291900A-F0B7-4854-923C-868CC687F557}.Debug|Any CPU.ActiveCfg = Debug|Any CPU
		{1291900A-F0B7-4854-923C-868CC687F557}.Release|Any CPU.ActiveCfg = Release|Any CPU
	EndGlobalSection
	GlobalSection(SolutionProperties) = preSolution
		HideSolutionNode = FALSE
	EndGlobalSection
	GlobalSection(ExtensibilityGlobals) = postSolution
		SolutionGuid = {D2B6ACAD-759D-49C0-A7E3-1569D2DFA124}
	EndGlobalSection
EndGlobal
